// !$*UTF8*$!
{
	archiveVersion = 1;
	classes = {
	};
	objectVersion = 48;
	objects = {

/* Begin PBXBuildFile section */
		440E80051F9C140B00F58266 /* AvatarPickerVC.swift in Sources */ = {isa = PBXBuildFile; fileRef = 440E80041F9C140B00F58266 /* AvatarPickerVC.swift */; };
		440E80071F9C18EF00F58266 /* AvatarCell.swift in Sources */ = {isa = PBXBuildFile; fileRef = 440E80061F9C18EF00F58266 /* AvatarCell.swift */; };
		440E80091F9D359700F58266 /* CircleImage.swift in Sources */ = {isa = PBXBuildFile; fileRef = 440E80081F9D359700F58266 /* CircleImage.swift */; };
		440E800C1F9E436100F58266 /* ProfileVC.swift in Sources */ = {isa = PBXBuildFile; fileRef = 440E800A1F9E436100F58266 /* ProfileVC.swift */; };
		440E800D1F9E436100F58266 /* ProfileVC.xib in Resources */ = {isa = PBXBuildFile; fileRef = 440E800B1F9E436100F58266 /* ProfileVC.xib */; };
		4415EE751F97CDE40064A73D /* AuthService.swift in Sources */ = {isa = PBXBuildFile; fileRef = 4415EE741F97CDE40064A73D /* AuthService.swift */; };
		4415EE771F98F7760064A73D /* RoundedButton.swift in Sources */ = {isa = PBXBuildFile; fileRef = 4415EE761F98F7760064A73D /* RoundedButton.swift */; };
		4422E3001F8C5AC300934306 /* AppDelegate.swift in Sources */ = {isa = PBXBuildFile; fileRef = 4422E2FF1F8C5AC300934306 /* AppDelegate.swift */; };
		4422E3051F8C5AC300934306 /* Main.storyboard in Resources */ = {isa = PBXBuildFile; fileRef = 4422E3031F8C5AC300934306 /* Main.storyboard */; };
		4422E3071F8C5AC300934306 /* Assets.xcassets in Resources */ = {isa = PBXBuildFile; fileRef = 4422E3061F8C5AC300934306 /* Assets.xcassets */; };
		4422E30A1F8C5AC300934306 /* LaunchScreen.storyboard in Resources */ = {isa = PBXBuildFile; fileRef = 4422E3081F8C5AC300934306 /* LaunchScreen.storyboard */; };
		4477BDE21F8D9B49005E8C2B /* ChatVC.swift in Sources */ = {isa = PBXBuildFile; fileRef = 4477BDE11F8D9B49005E8C2B /* ChatVC.swift */; };
		4477BDE41F8D9B5D005E8C2B /* ChannelVC.swift in Sources */ = {isa = PBXBuildFile; fileRef = 4477BDE31F8D9B5D005E8C2B /* ChannelVC.swift */; };
		449049061F94FDCE00E199B7 /* CreateAccountVC.swift in Sources */ = {isa = PBXBuildFile; fileRef = 449049051F94FDCE00E199B7 /* CreateAccountVC.swift */; };
		449B92301F9124E900DBC21F /* Constants.swift in Sources */ = {isa = PBXBuildFile; fileRef = 449B922F1F9124E900DBC21F /* Constants.swift */; };
		449B92321F912D2000DBC21F /* LoginVC.swift in Sources */ = {isa = PBXBuildFile; fileRef = 449B92311F912D2000DBC21F /* LoginVC.swift */; };
		44DAFB151F999D9500DEB1B8 /* UserDataService.swift in Sources */ = {isa = PBXBuildFile; fileRef = 44DAFB141F999D9500DEB1B8 /* UserDataService.swift */; };
		44DBC2921F8DD42C00F2D375 /* SWRevealViewController.m in Sources */ = {isa = PBXBuildFile; fileRef = 4477BDDC1F8D923A005E8C2B /* SWRevealViewController.m */; };
		44DBC2941F8EA11100F2D375 /* GradientView.swift in Sources */ = {isa = PBXBuildFile; fileRef = 44DBC2931F8EA11100F2D375 /* GradientView.swift */; };
		D2334B6CADA342837077048E /* Pods_Smack.framework in Frameworks */ = {isa = PBXBuildFile; fileRef = 840A1BB79E23628B6A9B9A48 /* Pods_Smack.framework */; };
/* End PBXBuildFile section */

/* Begin PBXFileReference section */
		440E80041F9C140B00F58266 /* AvatarPickerVC.swift */ = {isa = PBXFileReference; lastKnownFileType = sourcecode.swift; path = AvatarPickerVC.swift; sourceTree = "<group>"; };
		440E80061F9C18EF00F58266 /* AvatarCell.swift */ = {isa = PBXFileReference; lastKnownFileType = sourcecode.swift; path = AvatarCell.swift; sourceTree = "<group>"; };
		440E80081F9D359700F58266 /* CircleImage.swift */ = {isa = PBXFileReference; lastKnownFileType = sourcecode.swift; path = CircleImage.swift; sourceTree = "<group>"; };
		440E800A1F9E436100F58266 /* ProfileVC.swift */ = {isa = PBXFileReference; lastKnownFileType = sourcecode.swift; path = ProfileVC.swift; sourceTree = "<group>"; };
		440E800B1F9E436100F58266 /* ProfileVC.xib */ = {isa = PBXFileReference; lastKnownFileType = file.xib; path = ProfileVC.xib; sourceTree = "<group>"; };
		4415EE741F97CDE40064A73D /* AuthService.swift */ = {isa = PBXFileReference; lastKnownFileType = sourcecode.swift; path = AuthService.swift; sourceTree = "<group>"; };
		4415EE761F98F7760064A73D /* RoundedButton.swift */ = {isa = PBXFileReference; lastKnownFileType = sourcecode.swift; path = RoundedButton.swift; sourceTree = "<group>"; };
		4422E2FC1F8C5AC300934306 /* Smack.app */ = {isa = PBXFileReference; explicitFileType = wrapper.application; includeInIndex = 0; path = Smack.app; sourceTree = BUILT_PRODUCTS_DIR; };
		4422E2FF1F8C5AC300934306 /* AppDelegate.swift */ = {isa = PBXFileReference; lastKnownFileType = sourcecode.swift; path = AppDelegate.swift; sourceTree = "<group>"; };
		4422E3041F8C5AC300934306 /* Base */ = {isa = PBXFileReference; lastKnownFileType = file.storyboard; name = Base; path = Base.lproj/Main.storyboard; sourceTree = "<group>"; };
		4422E3061F8C5AC300934306 /* Assets.xcassets */ = {isa = PBXFileReference; lastKnownFileType = folder.assetcatalog; path = Assets.xcassets; sourceTree = "<group>"; };
		4422E3091F8C5AC300934306 /* Base */ = {isa = PBXFileReference; lastKnownFileType = file.storyboard; name = Base; path = Base.lproj/LaunchScreen.storyboard; sourceTree = "<group>"; };
		4422E30B1F8C5AC300934306 /* Info.plist */ = {isa = PBXFileReference; lastKnownFileType = text.plist.xml; path = Info.plist; sourceTree = "<group>"; };
		4477BDDB1F8D9239005E8C2B /* Smack-Bridging-Header.h */ = {isa = PBXFileReference; lastKnownFileType = sourcecode.c.h; path = "Smack-Bridging-Header.h"; sourceTree = "<group>"; };
		4477BDDC1F8D923A005E8C2B /* SWRevealViewController.m */ = {isa = PBXFileReference; lastKnownFileType = sourcecode.c.objc; path = SWRevealViewController.m; sourceTree = "<group>"; };
		4477BDDD1F8D923A005E8C2B /* SWRevealViewController.h */ = {isa = PBXFileReference; lastKnownFileType = sourcecode.c.h; path = SWRevealViewController.h; sourceTree = "<group>"; };
		4477BDE11F8D9B49005E8C2B /* ChatVC.swift */ = {isa = PBXFileReference; lastKnownFileType = sourcecode.swift; path = ChatVC.swift; sourceTree = "<group>"; };
		4477BDE31F8D9B5D005E8C2B /* ChannelVC.swift */ = {isa = PBXFileReference; lastKnownFileType = sourcecode.swift; path = ChannelVC.swift; sourceTree = "<group>"; };
		449049051F94FDCE00E199B7 /* CreateAccountVC.swift */ = {isa = PBXFileReference; lastKnownFileType = sourcecode.swift; path = CreateAccountVC.swift; sourceTree = "<group>"; };
		449B922F1F9124E900DBC21F /* Constants.swift */ = {isa = PBXFileReference; lastKnownFileType = sourcecode.swift; path = Constants.swift; sourceTree = "<group>"; };
		449B92311F912D2000DBC21F /* LoginVC.swift */ = {isa = PBXFileReference; lastKnownFileType = sourcecode.swift; path = LoginVC.swift; sourceTree = "<group>"; };
		44DAFB141F999D9500DEB1B8 /* UserDataService.swift */ = {isa = PBXFileReference; lastKnownFileType = sourcecode.swift; path = UserDataService.swift; sourceTree = "<group>"; };
		44DBC2931F8EA11100F2D375 /* GradientView.swift */ = {isa = PBXFileReference; lastKnownFileType = sourcecode.swift; path = GradientView.swift; sourceTree = "<group>"; };
		6B7A0B1B14AC5998F89786B5 /* Pods-Smack.release.xcconfig */ = {isa = PBXFileReference; includeInIndex = 1; lastKnownFileType = text.xcconfig; name = "Pods-Smack.release.xcconfig"; path = "Pods/Target Support Files/Pods-Smack/Pods-Smack.release.xcconfig"; sourceTree = "<group>"; };
		840A1BB79E23628B6A9B9A48 /* Pods_Smack.framework */ = {isa = PBXFileReference; explicitFileType = wrapper.framework; includeInIndex = 0; path = Pods_Smack.framework; sourceTree = BUILT_PRODUCTS_DIR; };
		B8A726B601F7AE6EF5D8E2D1 /* Pods-Smack.debug.xcconfig */ = {isa = PBXFileReference; includeInIndex = 1; lastKnownFileType = text.xcconfig; name = "Pods-Smack.debug.xcconfig"; path = "Pods/Target Support Files/Pods-Smack/Pods-Smack.debug.xcconfig"; sourceTree = "<group>"; };
/* End PBXFileReference section */

/* Begin PBXFrameworksBuildPhase section */
		4422E2F91F8C5AC300934306 /* Frameworks */ = {
			isa = PBXFrameworksBuildPhase;
			buildActionMask = 2147483647;
			files = (
				D2334B6CADA342837077048E /* Pods_Smack.framework in Frameworks */,
			);
			runOnlyForDeploymentPostprocessing = 0;
		};
/* End PBXFrameworksBuildPhase section */

/* Begin PBXGroup section */
		440E800E1F9E438800F58266 /* XIBs */ = {
			isa = PBXGroup;
			children = (
				440E800B1F9E436100F58266 /* ProfileVC.xib */,
			);
			path = XIBs;
			sourceTree = "<group>";
		};
		4415EE731F97CDBC0064A73D /* Services */ = {
			isa = PBXGroup;
			children = (
				4415EE741F97CDE40064A73D /* AuthService.swift */,
				44DAFB141F999D9500DEB1B8 /* UserDataService.swift */,
			);
			path = Services;
			sourceTree = "<group>";
		};
		4422E2F31F8C5AC300934306 = {
			isa = PBXGroup;
			children = (
				4422E2FE1F8C5AC300934306 /* Smack */,
				4422E2FD1F8C5AC300934306 /* Products */,
				935E3D2551516862497CC3DB /* Pods */,
				D9DA18CC24EFE1CAD282D4EA /* Frameworks */,
			);
			sourceTree = "<group>";
		};
		4422E2FD1F8C5AC300934306 /* Products */ = {
			isa = PBXGroup;
			children = (
				4422E2FC1F8C5AC300934306 /* Smack.app */,
			);
			name = Products;
			sourceTree = "<group>";
		};
		4422E2FE1F8C5AC300934306 /* Smack */ = {
			isa = PBXGroup;
			children = (
				440E800E1F9E438800F58266 /* XIBs */,
				4415EE731F97CDBC0064A73D /* Services */,
				449B922E1F9124B400DBC21F /* Utilites */,
				4477BDE01F8D9B29005E8C2B /* Model */,
				4477BDDF1F8D9B21005E8C2B /* View */,
				4477BDDE1F8D9B15005E8C2B /* Controller */,
				4477BDDA1F8D91E1005E8C2B /* Supporting Files */,
				4422E2FF1F8C5AC300934306 /* AppDelegate.swift */,
				4422E3031F8C5AC300934306 /* Main.storyboard */,
				4422E3061F8C5AC300934306 /* Assets.xcassets */,
				4422E3081F8C5AC300934306 /* LaunchScreen.storyboard */,
				4422E30B1F8C5AC300934306 /* Info.plist */,
			);
			path = Smack;
			sourceTree = "<group>";
		};
		4477BDDA1F8D91E1005E8C2B /* Supporting Files */ = {
			isa = PBXGroup;
			children = (
				4477BDDD1F8D923A005E8C2B /* SWRevealViewController.h */,
				4477BDDC1F8D923A005E8C2B /* SWRevealViewController.m */,
				4477BDDB1F8D9239005E8C2B /* Smack-Bridging-Header.h */,
			);
			path = "Supporting Files";
			sourceTree = "<group>";
		};
		4477BDDE1F8D9B15005E8C2B /* Controller */ = {
			isa = PBXGroup;
			children = (
				4477BDE11F8D9B49005E8C2B /* ChatVC.swift */,
				4477BDE31F8D9B5D005E8C2B /* ChannelVC.swift */,
				449B92311F912D2000DBC21F /* LoginVC.swift */,
				449049051F94FDCE00E199B7 /* CreateAccountVC.swift */,
				440E80041F9C140B00F58266 /* AvatarPickerVC.swift */,
				440E800A1F9E436100F58266 /* ProfileVC.swift */,
			);
			path = Controller;
			sourceTree = "<group>";
		};
		4477BDDF1F8D9B21005E8C2B /* View */ = {
			isa = PBXGroup;
			children = (
				44DBC2931F8EA11100F2D375 /* GradientView.swift */,
				4415EE761F98F7760064A73D /* RoundedButton.swift */,
				440E80061F9C18EF00F58266 /* AvatarCell.swift */,
				440E80081F9D359700F58266 /* CircleImage.swift */,
			);
			path = View;
			sourceTree = "<group>";
		};
		4477BDE01F8D9B29005E8C2B /* Model */ = {
			isa = PBXGroup;
			children = (
			);
			path = Model;
			sourceTree = "<group>";
		};
		449B922E1F9124B400DBC21F /* Utilites */ = {
			isa = PBXGroup;
			children = (
				449B922F1F9124E900DBC21F /* Constants.swift */,
			);
			path = Utilites;
			sourceTree = "<group>";
		};
		935E3D2551516862497CC3DB /* Pods */ = {
			isa = PBXGroup;
			children = (
				B8A726B601F7AE6EF5D8E2D1 /* Pods-Smack.debug.xcconfig */,
				6B7A0B1B14AC5998F89786B5 /* Pods-Smack.release.xcconfig */,
			);
			name = Pods;
			sourceTree = "<group>";
		};
		D9DA18CC24EFE1CAD282D4EA /* Frameworks */ = {
			isa = PBXGroup;
			children = (
				840A1BB79E23628B6A9B9A48 /* Pods_Smack.framework */,
			);
			name = Frameworks;
			sourceTree = "<group>";
		};
/* End PBXGroup section */

/* Begin PBXNativeTarget section */
		4422E2FB1F8C5AC300934306 /* Smack */ = {
			isa = PBXNativeTarget;
			buildConfigurationList = 4422E30E1F8C5AC300934306 /* Build configuration list for PBXNativeTarget "Smack" */;
			buildPhases = (
				ABB546CD95AABDD6E04B3F27 /* [CP] Check Pods Manifest.lock */,
				4422E2F81F8C5AC300934306 /* Sources */,
				4422E2F91F8C5AC300934306 /* Frameworks */,
				4422E2FA1F8C5AC300934306 /* Resources */,
				1EC18AE005E442B4898AC681 /* [CP] Embed Pods Frameworks */,
				8D65E6216F191485C214D34A /* [CP] Copy Pods Resources */,
			);
			buildRules = (
			);
			dependencies = (
			);
			name = Smack;
			productName = Smack;
			productReference = 4422E2FC1F8C5AC300934306 /* Smack.app */;
			productType = "com.apple.product-type.application";
		};
/* End PBXNativeTarget section */

/* Begin PBXProject section */
		4422E2F41F8C5AC300934306 /* Project object */ = {
			isa = PBXProject;
			attributes = {
				LastSwiftUpdateCheck = 0900;
				LastUpgradeCheck = 0900;
				ORGANIZATIONNAME = "Chinedu Arinze";
				TargetAttributes = {
					4422E2FB1F8C5AC300934306 = {
						CreatedOnToolsVersion = 9.0;
						LastSwiftMigration = 0900;
					};
				};
			};
			buildConfigurationList = 4422E2F71F8C5AC300934306 /* Build configuration list for PBXProject "Smack" */;
			compatibilityVersion = "Xcode 8.0";
			developmentRegion = en;
			hasScannedForEncodings = 0;
			knownRegions = (
				en,
				Base,
			);
			mainGroup = 4422E2F31F8C5AC300934306;
			productRefGroup = 4422E2FD1F8C5AC300934306 /* Products */;
			projectDirPath = "";
			projectRoot = "";
			targets = (
				4422E2FB1F8C5AC300934306 /* Smack */,
			);
		};
/* End PBXProject section */

/* Begin PBXResourcesBuildPhase section */
		4422E2FA1F8C5AC300934306 /* Resources */ = {
			isa = PBXResourcesBuildPhase;
			buildActionMask = 2147483647;
			files = (
				440E800D1F9E436100F58266 /* ProfileVC.xib in Resources */,
				4422E30A1F8C5AC300934306 /* LaunchScreen.storyboard in Resources */,
				4422E3071F8C5AC300934306 /* Assets.xcassets in Resources */,
				4422E3051F8C5AC300934306 /* Main.storyboard in Resources */,
			);
			runOnlyForDeploymentPostprocessing = 0;
		};
/* End PBXResourcesBuildPhase section */

/* Begin PBXShellScriptBuildPhase section */
		1EC18AE005E442B4898AC681 /* [CP] Embed Pods Frameworks */ = {
			isa = PBXShellScriptBuildPhase;
			buildActionMask = 2147483647;
			files = (
			);
			inputPaths = (
			);
			name = "[CP] Embed Pods Frameworks";
			outputPaths = (
			);
			runOnlyForDeploymentPostprocessing = 0;
			shellPath = /bin/sh;
			shellScript = "\"${SRCROOT}/Pods/Target Support Files/Pods-Smack/Pods-Smack-frameworks.sh\"\n";
			showEnvVarsInLog = 0;
		};
		8D65E6216F191485C214D34A /* [CP] Copy Pods Resources */ = {
			isa = PBXShellScriptBuildPhase;
			buildActionMask = 2147483647;
			files = (
			);
			inputPaths = (
			);
			name = "[CP] Copy Pods Resources";
			outputPaths = (
			);
			runOnlyForDeploymentPostprocessing = 0;
			shellPath = /bin/sh;
			shellScript = "\"${SRCROOT}/Pods/Target Support Files/Pods-Smack/Pods-Smack-resources.sh\"\n";
			showEnvVarsInLog = 0;
		};
		ABB546CD95AABDD6E04B3F27 /* [CP] Check Pods Manifest.lock */ = {
			isa = PBXShellScriptBuildPhase;
			buildActionMask = 2147483647;
			files = (
			);
			inputPaths = (
			);
			name = "[CP] Check Pods Manifest.lock";
			outputPaths = (
			);
			runOnlyForDeploymentPostprocessing = 0;
			shellPath = /bin/sh;
			shellScript = "diff \"${PODS_ROOT}/../Podfile.lock\" \"${PODS_ROOT}/Manifest.lock\" > /dev/null\nif [ $? != 0 ] ; then\n    # print error to STDERR\n    echo \"error: The sandbox is not in sync with the Podfile.lock. Run 'pod install' or update your CocoaPods installation.\" >&2\n    exit 1\nfi\n";
			showEnvVarsInLog = 0;
		};
/* End PBXShellScriptBuildPhase section */

/* Begin PBXSourcesBuildPhase section */
		4422E2F81F8C5AC300934306 /* Sources */ = {
			isa = PBXSourcesBuildPhase;
			buildActionMask = 2147483647;
			files = (
				440E800C1F9E436100F58266 /* ProfileVC.swift in Sources */,
				44DBC2921F8DD42C00F2D375 /* SWRevealViewController.m in Sources */,
				440E80051F9C140B00F58266 /* AvatarPickerVC.swift in Sources */,
				4415EE771F98F7760064A73D /* RoundedButton.swift in Sources */,
				440E80091F9D359700F58266 /* CircleImage.swift in Sources */,
				4477BDE21F8D9B49005E8C2B /* ChatVC.swift in Sources */,
				44DAFB151F999D9500DEB1B8 /* UserDataService.swift in Sources */,
				449049061F94FDCE00E199B7 /* CreateAccountVC.swift in Sources */,
				4415EE751F97CDE40064A73D /* AuthService.swift in Sources */,
				449B92321F912D2000DBC21F /* LoginVC.swift in Sources */,
				44DBC2941F8EA11100F2D375 /* GradientView.swift in Sources */,
				440E80071F9C18EF00F58266 /* AvatarCell.swift in Sources */,
				4477BDE41F8D9B5D005E8C2B /* ChannelVC.swift in Sources */,
				4422E3001F8C5AC300934306 /* AppDelegate.swift in Sources */,
				449B92301F9124E900DBC21F /* Constants.swift in Sources */,
			);
			runOnlyForDeploymentPostprocessing = 0;
		};
/* End PBXSourcesBuildPhase section */

/* Begin PBXVariantGroup section */
		4422E3031F8C5AC300934306 /* Main.storyboard */ = {
			isa = PBXVariantGroup;
			children = (
				4422E3041F8C5AC300934306 /* Base */,
			);
			name = Main.storyboard;
			sourceTree = "<group>";
		};
		4422E3081F8C5AC300934306 /* LaunchScreen.storyboard */ = {
			isa = PBXVariantGroup;
			children = (
				4422E3091F8C5AC300934306 /* Base */,
			);
			name = LaunchScreen.storyboard;
			sourceTree = "<group>";
		};
/* End PBXVariantGroup section */

/* Begin XCBuildConfiguration section */
		4422E30C1F8C5AC300934306 /* Debug */ = {
			isa = XCBuildConfiguration;
			buildSettings = {
				ALWAYS_SEARCH_USER_PATHS = NO;
				CLANG_ANALYZER_NONNULL = YES;
				CLANG_ANALYZER_NUMBER_OBJECT_CONVERSION = YES_AGGRESSIVE;
				CLANG_CXX_LANGUAGE_STANDARD = "gnu++14";
				CLANG_CXX_LIBRARY = "libc++";
				CLANG_ENABLE_MODULES = YES;
				CLANG_ENABLE_OBJC_ARC = YES;
				CLANG_WARN_BLOCK_CAPTURE_AUTORELEASING = YES;
				CLANG_WARN_BOOL_CONVERSION = YES;
				CLANG_WARN_COMMA = YES;
				CLANG_WARN_CONSTANT_CONVERSION = YES;
				CLANG_WARN_DIRECT_OBJC_ISA_USAGE = YES_ERROR;
				CLANG_WARN_DOCUMENTATION_COMMENTS = YES;
				CLANG_WARN_EMPTY_BODY = YES;
				CLANG_WARN_ENUM_CONVERSION = YES;
				CLANG_WARN_INFINITE_RECURSION = YES;
				CLANG_WARN_INT_CONVERSION = YES;
				CLANG_WARN_NON_LITERAL_NULL_CONVERSION = YES;
				CLANG_WARN_OBJC_LITERAL_CONVERSION = YES;
				CLANG_WARN_OBJC_ROOT_CLASS = YES_ERROR;
				CLANG_WARN_RANGE_LOOP_ANALYSIS = YES;
				CLANG_WARN_STRICT_PROTOTYPES = YES;
				CLANG_WARN_SUSPICIOUS_MOVE = YES;
				CLANG_WARN_UNGUARDED_AVAILABILITY = YES_AGGRESSIVE;
				CLANG_WARN_UNREACHABLE_CODE = YES;
				CLANG_WARN__DUPLICATE_METHOD_MATCH = YES;
				CODE_SIGN_IDENTITY = "iPhone Developer";
				COPY_PHASE_STRIP = NO;
				DEBUG_INFORMATION_FORMAT = dwarf;
				ENABLE_STRICT_OBJC_MSGSEND = YES;
				ENABLE_TESTABILITY = YES;
				GCC_C_LANGUAGE_STANDARD = gnu11;
				GCC_DYNAMIC_NO_PIC = NO;
				GCC_NO_COMMON_BLOCKS = YES;
				GCC_OPTIMIZATION_LEVEL = 0;
				GCC_PREPROCESSOR_DEFINITIONS = (
					"DEBUG=1",
					"$(inherited)",
				);
				GCC_WARN_64_TO_32_BIT_CONVERSION = YES;
				GCC_WARN_ABOUT_RETURN_TYPE = YES_ERROR;
				GCC_WARN_UNDECLARED_SELECTOR = YES;
				GCC_WARN_UNINITIALIZED_AUTOS = YES_AGGRESSIVE;
				GCC_WARN_UNUSED_FUNCTION = YES;
				GCC_WARN_UNUSED_VARIABLE = YES;
				IPHONEOS_DEPLOYMENT_TARGET = 11.0;
				MTL_ENABLE_DEBUG_INFO = YES;
				ONLY_ACTIVE_ARCH = YES;
				SDKROOT = iphoneos;
				SWIFT_ACTIVE_COMPILATION_CONDITIONS = DEBUG;
				SWIFT_OPTIMIZATION_LEVEL = "-Onone";
			};
			name = Debug;
		};
		4422E30D1F8C5AC300934306 /* Release */ = {
			isa = XCBuildConfiguration;
			buildSettings = {
				ALWAYS_SEARCH_USER_PATHS = NO;
				CLANG_ANALYZER_NONNULL = YES;
				CLANG_ANALYZER_NUMBER_OBJECT_CONVERSION = YES_AGGRESSIVE;
				CLANG_CXX_LANGUAGE_STANDARD = "gnu++14";
				CLANG_CXX_LIBRARY = "libc++";
				CLANG_ENABLE_MODULES = YES;
				CLANG_ENABLE_OBJC_ARC = YES;
				CLANG_WARN_BLOCK_CAPTURE_AUTORELEASING = YES;
				CLANG_WARN_BOOL_CONVERSION = YES;
				CLANG_WARN_COMMA = YES;
				CLANG_WARN_CONSTANT_CONVERSION = YES;
				CLANG_WARN_DIRECT_OBJC_ISA_USAGE = YES_ERROR;
				CLANG_WARN_DOCUMENTATION_COMMENTS = YES;
				CLANG_WARN_EMPTY_BODY = YES;
				CLANG_WARN_ENUM_CONVERSION = YES;
				CLANG_WARN_INFINITE_RECURSION = YES;
				CLANG_WARN_INT_CONVERSION = YES;
				CLANG_WARN_NON_LITERAL_NULL_CONVERSION = YES;
				CLANG_WARN_OBJC_LITERAL_CONVERSION = YES;
				CLANG_WARN_OBJC_ROOT_CLASS = YES_ERROR;
				CLANG_WARN_RANGE_LOOP_ANALYSIS = YES;
				CLANG_WARN_STRICT_PROTOTYPES = YES;
				CLANG_WARN_SUSPICIOUS_MOVE = YES;
				CLANG_WARN_UNGUARDED_AVAILABILITY = YES_AGGRESSIVE;
				CLANG_WARN_UNREACHABLE_CODE = YES;
				CLANG_WARN__DUPLICATE_METHOD_MATCH = YES;
				CODE_SIGN_IDENTITY = "iPhone Developer";
				COPY_PHASE_STRIP = NO;
				DEBUG_INFORMATION_FORMAT = "dwarf-with-dsym";
				ENABLE_NS_ASSERTIONS = NO;
				ENABLE_STRICT_OBJC_MSGSEND = YES;
				GCC_C_LANGUAGE_STANDARD = gnu11;
				GCC_NO_COMMON_BLOCKS = YES;
				GCC_WARN_64_TO_32_BIT_CONVERSION = YES;
				GCC_WARN_ABOUT_RETURN_TYPE = YES_ERROR;
				GCC_WARN_UNDECLARED_SELECTOR = YES;
				GCC_WARN_UNINITIALIZED_AUTOS = YES_AGGRESSIVE;
				GCC_WARN_UNUSED_FUNCTION = YES;
				GCC_WARN_UNUSED_VARIABLE = YES;
				IPHONEOS_DEPLOYMENT_TARGET = 11.0;
				MTL_ENABLE_DEBUG_INFO = NO;
				SDKROOT = iphoneos;
				SWIFT_OPTIMIZATION_LEVEL = "-Owholemodule";
				VALIDATE_PRODUCT = YES;
			};
			name = Release;
		};
		4422E30F1F8C5AC300934306 /* Debug */ = {
			isa = XCBuildConfiguration;
			baseConfigurationReference = B8A726B601F7AE6EF5D8E2D1 /* Pods-Smack.debug.xcconfig */;
			buildSettings = {
				ASSETCATALOG_COMPILER_APPICON_NAME = AppIcon;
				CLANG_ENABLE_MODULES = YES;
				DEVELOPMENT_TEAM = UKN5X894YE;
				INFOPLIST_FILE = Smack/Info.plist;
				LD_RUNPATH_SEARCH_PATHS = "$(inherited) @executable_path/Frameworks";
				PRODUCT_BUNDLE_IDENTIFIER = com.chineduarinze.Smack;
				PRODUCT_NAME = "$(TARGET_NAME)";
				SWIFT_OBJC_BRIDGING_HEADER = "Smack/Supporting Files/Smack-Bridging-Header.h";
				SWIFT_OPTIMIZATION_LEVEL = "-Onone";
				SWIFT_VERSION = 4.0;
				TARGETED_DEVICE_FAMILY = "1,2";
			};
			name = Debug;
		};
		4422E3101F8C5AC300934306 /* Release */ = {
			isa = XCBuildConfiguration;
			baseConfigurationReference = 6B7A0B1B14AC5998F89786B5 /* Pods-Smack.release.xcconfig */;
			buildSettings = {
				ASSETCATALOG_COMPILER_APPICON_NAME = AppIcon;
				CLANG_ENABLE_MODULES = YES;
				DEVELOPMENT_TEAM = UKN5X894YE;
				INFOPLIST_FILE = Smack/Info.plist;
				LD_RUNPATH_SEARCH_PATHS = "$(inherited) @executable_path/Frameworks";
				PRODUCT_BUNDLE_IDENTIFIER = com.chineduarinze.Smack;
				PRODUCT_NAME = "$(TARGET_NAME)";
				SWIFT_OBJC_BRIDGING_HEADER = "Smack/Supporting Files/Smack-Bridging-Header.h";
				SWIFT_VERSION = 4.0;
				TARGETED_DEVICE_FAMILY = "1,2";
			};
			name = Release;
		};
/* End XCBuildConfiguration section */

/* Begin XCConfigurationList section */
		4422E2F71F8C5AC300934306 /* Build configuration list for PBXProject "Smack" */ = {
			isa = XCConfigurationList;
			buildConfigurations = (
				4422E30C1F8C5AC300934306 /* Debug */,
				4422E30D1F8C5AC300934306 /* Release */,
			);
			defaultConfigurationIsVisible = 0;
			defaultConfigurationName = Release;
		};
		4422E30E1F8C5AC300934306 /* Build configuration list for PBXNativeTarget "Smack" */ = {
			isa = XCConfigurationList;
			buildConfigurations = (
				4422E30F1F8C5AC300934306 /* Debug */,
				4422E3101F8C5AC300934306 /* Release */,
			);
			defaultConfigurationIsVisible = 0;
			defaultConfigurationName = Release;
		};
/* End XCConfigurationList section */
	};
	rootObject = 4422E2F41F8C5AC300934306 /* Project object */;
}
